
Microsoft Visual Studio Solution File, Format Version 12.00
Project("{FAE04EC0-301F-11D3-BF4B-00C04F79EFBC}") = "Interpreter.Test.Unit", "Interpreter.Test.Unit\Interpreter.Test.Unit.csproj", "{777CFA2A-6AC3-489C-AA8A-94D8BAF3E967}"
EndProject
Project("{FAE04EC0-301F-11D3-BF4B-00C04F79EFBC}") = "Interperter.ExodiaLang", "Interperter.ExodiaLang\Interperter.ExodiaLang.csproj", "{F51ED087-2CEF-4449-89D3-6296048393DB}"
EndProject
Global
	GlobalSection(SolutionConfigurationPlatforms) = preSolution
		Debug|Any CPU = Debug|Any CPU
		Release|Any CPU = Release|Any CPU
	EndGlobalSection
	GlobalSection(ProjectConfigurationPlatforms) = postSolution
		{777CFA2A-6AC3-489C-AA8A-94D8BAF3E967}.Debug|Any CPU.ActiveCfg = Debug|Any CPU
		{777CFA2A-6AC3-489C-AA8A-94D8BAF3E967}.Debug|Any CPU.Build.0 = Debug|Any CPU
		{777CFA2A-6AC3-489C-AA8A-94D8BAF3E967}.Release|Any CPU.ActiveCfg = Release|Any CPU
		{777CFA2A-6AC3-489C-AA8A-94D8BAF3E967}.Release|Any CPU.Build.0 = Release|Any CPU
		{F51ED087-2CEF-4449-89D3-6296048393DB}.Debug|Any CPU.ActiveCfg = Debug|Any CPU
		{F51ED087-2CEF-4449-89D3-6296048393DB}.Debug|Any CPU.Build.0 = Debug|Any CPU
		{F51ED087-2CEF-4449-89D3-6296048393DB}.Release|Any CPU.ActiveCfg = Release|Any CPU
		{F51ED087-2CEF-4449-89D3-6296048393DB}.Release|Any CPU.Build.0 = Release|Any CPU
	EndGlobalSection
EndGlobal
