
Microsoft Visual Studio Solution File, Format Version 12.00
Project("{FAE04EC0-301F-11D3-BF4B-00C04F79EFBC}") = "Grammer.ParserGenerator", "Grammer.ParserGenerator\Grammer.ParserGenerator.csproj", "{7D7C0665-7B9E-44D2-AB46-D57BC92D128E}"
EndProject
Global
	GlobalSection(SolutionConfigurationPlatforms) = preSolution
		Debug|Any CPU = Debug|Any CPU
		Release|Any CPU = Release|Any CPU
	EndGlobalSection
	GlobalSection(ProjectConfigurationPlatforms) = postSolution
		{7D7C0665-7B9E-44D2-AB46-D57BC92D128E}.Debug|Any CPU.ActiveCfg = Debug|Any CPU
		{7D7C0665-7B9E-44D2-AB46-D57BC92D128E}.Debug|Any CPU.Build.0 = Debug|Any CPU
		{7D7C0665-7B9E-44D2-AB46-D57BC92D128E}.Release|Any CPU.ActiveCfg = Release|Any CPU
		{7D7C0665-7B9E-44D2-AB46-D57BC92D128E}.Release|Any CPU.Build.0 = Release|Any CPU
	EndGlobalSection
EndGlobal
